<?xml version="1.0" encoding="utf-8"?>
<Project ToolsVersion="4.0" xmlns="http://schemas.microsoft.com/developer/msbuild/2003">
  <ItemGroup>
    <Filter Include="ソース ファイル">
      <UniqueIdentifier>{4FC737F1-C7A5-4376-A066-2A32D752A2FF}</UniqueIdentifier>
      <Extensions>cpp;c;cc;cxx;def;odl;idl;hpj;bat;asm;asmx</Extensions>
    </Filter>
    <Filter Include="ヘッダー ファイル">
      <UniqueIdentifier>{93995380-89BD-4b04-88EB-625FBE52EBFB}</UniqueIdentifier>
      <Extensions>h;hh;hpp;hxx;hm;inl;inc;ipp;xsd</Extensions>
    </Filter>
    <Filter Include="リソース ファイル">
      <UniqueIdentifier>{67DA6AB6-F800-4c08-8B7A-83BB121AAD01}</UniqueIdentifier>
      <Extensions>rc;ico;cur;bmp;dlg;rc2;rct;bin;rgs;gif;jpg;jpeg;jpe;resx;tiff;tif;png;wav;mfcribbon-ms</Extensions>
    </Filter>
    <Filter Include="DirectX関係">
      <UniqueIdentifier>{ffb91ac6-950e-4610-9211-26d4382270ea}</UniqueIdentifier>
    </Filter>
    <Filter Include="DirectX関係\ソースファイル">
      <UniqueIdentifier>{b575da7d-e026-472e-baee-1c2fedda30b4}</UniqueIdentifier>
    </Filter>
    <Filter Include="DirectX関係\ヘッダーファイル">
      <UniqueIdentifier>{8080f587-b355-45d7-bc51-e0a9a82067f2}</UniqueIdentifier>
    </Filter>
    <Filter Include="Scene">
      <UniqueIdentifier>{ceed92fc-38ed-4340-aa3e-9c51cb12d0c2}</UniqueIdentifier>
    </Filter>
    <Filter Include="Scene\ソース ファイル">
      <UniqueIdentifier>{352b1ff2-8166-43bc-a84e-2c759d9334bc}</UniqueIdentifier>
    </Filter>
    <Filter Include="Scene\ヘッダ ファイル">
      <UniqueIdentifier>{62042040-b5f1-4b90-9fc3-7efd0b537658}</UniqueIdentifier>
    </Filter>
    <Filter Include="Map">
      <UniqueIdentifier>{a7f77350-6315-4e9b-bd2c-fa54257fc540}</UniqueIdentifier>
    </Filter>
    <Filter Include="GameObject">
      <UniqueIdentifier>{4f23e280-cba7-47f3-b59e-eea71dbc9c87}</UniqueIdentifier>
    </Filter>
    <Filter Include="Map\ソース ファイル">
      <UniqueIdentifier>{d0192e50-21df-4fcd-96d6-fa08c25a7a60}</UniqueIdentifier>
    </Filter>
    <Filter Include="Map\ヘッダー ファイル">
      <UniqueIdentifier>{3f7b229f-e129-460a-b3de-2d2352cb006a}</UniqueIdentifier>
    </Filter>
    <Filter Include="GameObject\ヘッダー ファイル">
      <UniqueIdentifier>{2c8516ed-bf98-4e07-a463-9f0f94ae5f9c}</UniqueIdentifier>
    </Filter>
    <Filter Include="GameObject\ソース ファイル">
      <UniqueIdentifier>{fc03c9bf-ffbf-46e8-aa97-b281b37002a0}</UniqueIdentifier>
    </Filter>
  </ItemGroup>
  <ItemGroup>
    <ClCompile Include="main.cpp">
      <Filter>ソース ファイル</Filter>
    </ClCompile>
    <ClCompile Include="Application.cpp">
      <Filter>ソース ファイル</Filter>
    </ClCompile>
    <ClCompile Include="Xinput.cpp">
      <Filter>ソース ファイル</Filter>
    </ClCompile>
    <ClCompile Include="Window.cpp">
      <Filter>ソース ファイル</Filter>
    </ClCompile>
    <ClCompile Include="Keyboard.cpp">
      <Filter>ソース ファイル</Filter>
    </ClCompile>
    <ClCompile Include="Dx12_Device.cpp">
      <Filter>DirectX関係\ソースファイル</Filter>
    </ClCompile>
    <ClCompile Include="Dx12_RootSignature.cpp">
      <Filter>DirectX関係\ソースファイル</Filter>
    </ClCompile>
    <ClCompile Include="Dx12_Pipeline.cpp">
      <Filter>DirectX関係\ソースファイル</Filter>
    </ClCompile>
    <ClCompile Include="Dx12_Shader.cpp">
      <Filter>DirectX関係\ソースファイル</Filter>
    </ClCompile>
    <ClCompile Include="Dx12_CBVSRVUAVHeap.cpp">
      <Filter>DirectX関係\ソースファイル</Filter>
    </ClCompile>
    <ClCompile Include="Dx12_Texture2D.cpp">
      <Filter>DirectX関係\ソースファイル</Filter>
    </ClCompile>
    <ClCompile Include="Scene.cpp">
      <Filter>Scene\ソース ファイル</Filter>
    </ClCompile>
    <ClCompile Include="SceneManager.cpp">
      <Filter>Scene\ソース ファイル</Filter>
    </ClCompile>
    <ClCompile Include="SampleScene.cpp">
      <Filter>Scene\ソース ファイル</Filter>
    </ClCompile>
    <ClCompile Include="Dx12_Mesh.cpp">
      <Filter>DirectX関係\ソースファイル</Filter>
    </ClCompile>
    <ClCompile Include="LoadContents.cpp">
      <Filter>ソース ファイル</Filter>
    </ClCompile>
    <ClCompile Include="Dx12_Sprite.cpp">
      <Filter>DirectX関係\ソースファイル</Filter>
    </ClCompile>
    <ClCompile Include="Vector.cpp">
      <Filter>ソース ファイル</Filter>
    </ClCompile>
    <ClCompile Include="GameObject.cpp">
      <Filter>GameObject\ソース ファイル</Filter>
    </ClCompile>
    <ClCompile Include="Player.cpp">
      <Filter>GameObject\ソース ファイル</Filter>
    </ClCompile>
    <ClCompile Include="Map.cpp">
      <Filter>Map\ソース ファイル</Filter>
    </ClCompile>
    <ClCompile Include="PrototypeMap.cpp">
      <Filter>Map\ソース ファイル</Filter>
    </ClCompile>
    <ClCompile Include="CollisionMap.cpp">
      <Filter>ソース ファイル</Filter>
    </ClCompile>
    <ClCompile Include="Bullet.cpp">
      <Filter>GameObject\ソース ファイル</Filter>
    </ClCompile>
    <ClCompile Include="PrototypeMap2.cpp">
      <Filter>Map\ソース ファイル</Filter>
    </ClCompile>
    <ClCompile Include="Particle.cpp">
      <Filter>GameObject\ソース ファイル</Filter>
    </ClCompile>
    <ClCompile Include="Coin.cpp">
      <Filter>GameObject\ソース ファイル</Filter>
    </ClCompile>
    <ClCompile Include="CoinManager.cpp">
      <Filter>GameObject\ソース ファイル</Filter>
    </ClCompile>
    <ClCompile Include="CheckPoint.cpp">
      <Filter>ソース ファイル</Filter>
    </ClCompile>
  </ItemGroup>
  <ItemGroup>
    <ClInclude Include="BaseApplication.h">
      <Filter>ヘッダー ファイル</Filter>
    </ClInclude>
    <ClInclude Include="Application.h">
      <Filter>ヘッダー ファイル</Filter>
    </ClInclude>
    <ClInclude Include="Xinput.h">
      <Filter>ヘッダー ファイル</Filter>
    </ClInclude>
    <ClInclude Include="Window.h">
      <Filter>ヘッダー ファイル</Filter>
    </ClInclude>
    <ClInclude Include="Keyboard.h">
      <Filter>ヘッダー ファイル</Filter>
    </ClInclude>
    <ClInclude Include="Dx12_Device.h">
      <Filter>DirectX関係\ヘッダーファイル</Filter>
    </ClInclude>
    <ClInclude Include="COMRelease.h">
      <Filter>DirectX関係\ヘッダーファイル</Filter>
    </ClInclude>
    <ClInclude Include="Dx12_CBuffer.h">
      <Filter>DirectX関係\ヘッダーファイル</Filter>
    </ClInclude>
    <ClInclude Include="Dx12_RootSignature.h">
      <Filter>DirectX関係\ヘッダーファイル</Filter>
    </ClInclude>
    <ClInclude Include="Dx12_Shader.h">
      <Filter>DirectX関係\ヘッダーファイル</Filter>
    </ClInclude>
    <ClInclude Include="Dx12_Pipeline.h">
      <Filter>DirectX関係\ヘッダーファイル</Filter>
    </ClInclude>
    <ClInclude Include="Dx12_CBVSRVUAVHeap.h">
      <Filter>DirectX関係\ヘッダーファイル</Filter>
    </ClInclude>
    <ClInclude Include="Dx12_Texture2D.h">
      <Filter>DirectX関係\ヘッダーファイル</Filter>
    </ClInclude>
    <ClInclude Include="Scene.h">
      <Filter>Scene\ヘッダ ファイル</Filter>
    </ClInclude>
    <ClInclude Include="SceneManager.h">
      <Filter>Scene\ヘッダ ファイル</Filter>
    </ClInclude>
    <ClInclude Include="SampleScene.h">
      <Filter>Scene\ヘッダ ファイル</Filter>
    </ClInclude>
    <ClInclude Include="resource.h">
      <Filter>ヘッダー ファイル</Filter>
    </ClInclude>
    <ClInclude Include="Dx12_Mesh.h">
      <Filter>DirectX関係\ヘッダーファイル</Filter>
    </ClInclude>
    <ClInclude Include="LoadContents.h">
      <Filter>ヘッダー ファイル</Filter>
    </ClInclude>
    <ClInclude Include="Dx12_VertexData.h">
      <Filter>DirectX関係\ヘッダーファイル</Filter>
    </ClInclude>
    <ClInclude Include="Dx12_Sprite.h">
      <Filter>DirectX関係\ヘッダーファイル</Filter>
    </ClInclude>
    <ClInclude Include="Vector.h">
      <Filter>ヘッダー ファイル</Filter>
    </ClInclude>
    <ClInclude Include="GameObject.h">
      <Filter>GameObject\ヘッダー ファイル</Filter>
    </ClInclude>
    <ClInclude Include="Player.h">
      <Filter>GameObject\ヘッダー ファイル</Filter>
    </ClInclude>
    <ClInclude Include="Map.h">
      <Filter>Map\ヘッダー ファイル</Filter>
    </ClInclude>
    <ClInclude Include="PrototypeMap.h">
      <Filter>Map\ヘッダー ファイル</Filter>
    </ClInclude>
    <ClInclude Include="CollisionMap.h">
      <Filter>ヘッダー ファイル</Filter>
    </ClInclude>
    <ClInclude Include="Bullet.h">
      <Filter>GameObject\ヘッダー ファイル</Filter>
    </ClInclude>
    <ClInclude Include="Particle.h">
      <Filter>GameObject\ヘッダー ファイル</Filter>
    </ClInclude>
    <ClInclude Include="AnimetinStruct.h">
      <Filter>ヘッダー ファイル</Filter>
    </ClInclude>
    <ClInclude Include="PrototypeMap2.h">
      <Filter>Map\ヘッダー ファイル</Filter>
    </ClInclude>
    <ClInclude Include="Coin.h">
      <Filter>GameObject\ヘッダー ファイル</Filter>
    </ClInclude>
    <ClInclude Include="CoinManager.h">
      <Filter>GameObject\ヘッダー ファイル</Filter>
    </ClInclude>
    <ClInclude Include="CheckPoint.h">
      <Filter>GameObject\ヘッダー ファイル</Filter>
    </ClInclude>
  </ItemGroup>
  <ItemGroup>
    <None Include="BasicMeshShader.hlsli" />
    <None Include="ParticleShader.hlsli" />
    <None Include="TextureAnimetionShader.hlsli" />
  </ItemGroup>
  <ItemGroup>
    <FxCompile Include="BasicMeshVS.hlsl" />
    <FxCompile Include="BasicMeshPS.hlsl" />
    <FxCompile Include="ParticleVS.hlsl" />
    <FxCompile Include="ParticlePS.hlsl" />
    <FxCompile Include="TextureAnimetionVS.hlsl" />
    <FxCompile Include="TextureAnimetionPS.hlsl" />
  </ItemGroup>
</Project>